
Microsoft Visual Studio Solution File, Format Version 12.00
Project("{FAE04EC0-301F-11D3-BF4B-00C04F79EFBC}") = "Lawyeed.API", "Lawyeed.API\Lawyeed.API.csproj", "{F8ABC11B-B57C-4441-AEB9-76EDFA3E017B}"
EndProject
Global
	GlobalSection(SolutionConfigurationPlatforms) = preSolution
		Debug|Any CPU = Debug|Any CPU
		Release|Any CPU = Release|Any CPU
	EndGlobalSection
	GlobalSection(ProjectConfigurationPlatforms) = postSolution
		{F8ABC11B-B57C-4441-AEB9-76EDFA3E017B}.Debug|Any CPU.ActiveCfg = Debug|Any CPU
		{F8ABC11B-B57C-4441-AEB9-76EDFA3E017B}.Debug|Any CPU.Build.0 = Debug|Any CPU
		{F8ABC11B-B57C-4441-AEB9-76EDFA3E017B}.Release|Any CPU.ActiveCfg = Release|Any CPU
		{F8ABC11B-B57C-4441-AEB9-76EDFA3E017B}.Release|Any CPU.Build.0 = Release|Any CPU
	EndGlobalSection
EndGlobal
